
Microsoft Visual Studio Solution File, Format Version 12.00
# Visual Studio Version 16
VisualStudioVersion = 16.0.29721.120
MinimumVisualStudioVersion = 10.0.40219.1
Project("{9A19103F-16F7-4668-BE54-9A1E7A4F7556}") = "BlazingWaffles", "BlazingWaffles\BlazingWaffles.csproj", "{1005D99B-6102-4F43-9FE6-709137BA1168}"
EndProject
Global
	GlobalSection(SolutionConfigurationPlatforms) = preSolution
		Debug|Any CPU = Debug|Any CPU
		Release|Any CPU = Release|Any CPU
	EndGlobalSection
	GlobalSection(ProjectConfigurationPlatforms) = postSolution
		{1005D99B-6102-4F43-9FE6-709137BA1168}.Debug|Any CPU.ActiveCfg = Debug|Any CPU
		{1005D99B-6102-4F43-9FE6-709137BA1168}.Debug|Any CPU.Build.0 = Debug|Any CPU
		{1005D99B-6102-4F43-9FE6-709137BA1168}.Release|Any CPU.ActiveCfg = Release|Any CPU
		{1005D99B-6102-4F43-9FE6-709137BA1168}.Release|Any CPU.Build.0 = Release|Any CPU
	EndGlobalSection
	GlobalSection(SolutionProperties) = preSolution
		HideSolutionNode = FALSE
	EndGlobalSection
	GlobalSection(ExtensibilityGlobals) = postSolution
		SolutionGuid = {0CBF88B8-5BBC-450E-965B-89EBE3D87EA2}
	EndGlobalSection
EndGlobal
